
Microsoft Visual Studio Solution File, Format Version 12.00
# Visual Studio Version 16
VisualStudioVersion = 16.0.29201.188
MinimumVisualStudioVersion = 10.0.40219.1
Project("{8BC9CEB8-8B4A-11D0-8D11-00A0C91BC942}") = "Practica5", "Practica5\Practica5.vcxproj", "{80411BF4-228E-4A7D-B1A6-387C5E14D673}"
EndProject
Global
	GlobalSection(SolutionConfigurationPlatforms) = preSolution
		Debug|x64 = Debug|x64
		Debug|x86 = Debug|x86
		Release|x64 = Release|x64
		Release|x86 = Release|x86
	EndGlobalSection
	GlobalSection(ProjectConfigurationPlatforms) = postSolution
		{80411BF4-228E-4A7D-B1A6-387C5E14D673}.Debug|x64.ActiveCfg = Debug|x64
		{80411BF4-228E-4A7D-B1A6-387C5E14D673}.Debug|x64.Build.0 = Debug|x64
		{80411BF4-228E-4A7D-B1A6-387C5E14D673}.Debug|x86.ActiveCfg = Debug|Win32
		{80411BF4-228E-4A7D-B1A6-387C5E14D673}.Debug|x86.Build.0 = Debug|Win32
		{80411BF4-228E-4A7D-B1A6-387C5E14D673}.Release|x64.ActiveCfg = Release|x64
		{80411BF4-228E-4A7D-B1A6-387C5E14D673}.Release|x64.Build.0 = Release|x64
		{80411BF4-228E-4A7D-B1A6-387C5E14D673}.Release|x86.ActiveCfg = Release|Win32
		{80411BF4-228E-4A7D-B1A6-387C5E14D673}.Release|x86.Build.0 = Release|Win32
	EndGlobalSection
	GlobalSection(SolutionProperties) = preSolution
		HideSolutionNode = FALSE
	EndGlobalSection
	GlobalSection(ExtensibilityGlobals) = postSolution
		SolutionGuid = {C66847A4-810A-414E-9EBC-04472D6097E9}
	EndGlobalSection
EndGlobal
